
Microsoft Visual Studio Solution File, Format Version 12.00
# Visual Studio 15
Project("{FAE04EC0-301F-11D3-BF4B-00C04F79EFBC}") = "Property", "Property.csproj", "{5C9D91A8-1A86-4EDC-BE05-74FDBD9FFDFC}"
EndProject
Global
	GlobalSection(SolutionConfigurationPlatforms) = preSolution
		Debug|Any CPU = Debug|Any CPU
		Release|Any CPU = Release|Any CPU
	EndGlobalSection
	GlobalSection(ProjectConfigurationPlatforms) = postSolution
		{5C9D91A8-1A86-4EDC-BE05-74FDBD9FFDFC}.Debug|Any CPU.ActiveCfg = Debug|Any CPU
		{5C9D91A8-1A86-4EDC-BE05-74FDBD9FFDFC}.Debug|Any CPU.Build.0 = Debug|Any CPU
		{5C9D91A8-1A86-4EDC-BE05-74FDBD9FFDFC}.Release|Any CPU.ActiveCfg = Release|Any CPU
		{5C9D91A8-1A86-4EDC-BE05-74FDBD9FFDFC}.Release|Any CPU.Build.0 = Release|Any CPU
	EndGlobalSection
EndGlobal
